
Microsoft Visual Studio Solution File, Format Version 12.00
# Visual Studio Version 17
VisualStudioVersion = 17.0.31903.59
MinimumVisualStudioVersion = 10.0.40219.1
Project("{FAE04EC0-301F-11D3-BF4B-00C04F79EFBC}") = "WindowsFormsApp1", "WindowsFormsApp1\WindowsFormsApp1.csproj", "{0E869FCF-86D1-442D-AE4A-97FF778EFFAB}"
EndProject
Global
	GlobalSection(SolutionConfigurationPlatforms) = preSolution
		Debug|Any CPU = Debug|Any CPU
		Release|Any CPU = Release|Any CPU
	EndGlobalSection
	GlobalSection(ProjectConfigurationPlatforms) = postSolution
		{0E869FCF-86D1-442D-AE4A-97FF778EFFAB}.Debug|Any CPU.ActiveCfg = Debug|Any CPU
		{0E869FCF-86D1-442D-AE4A-97FF778EFFAB}.Debug|Any CPU.Build.0 = Debug|Any CPU
		{0E869FCF-86D1-442D-AE4A-97FF778EFFAB}.Release|Any CPU.ActiveCfg = Release|Any CPU
		{0E869FCF-86D1-442D-AE4A-97FF778EFFAB}.Release|Any CPU.Build.0 = Release|Any CPU
	EndGlobalSection
	GlobalSection(SolutionProperties) = preSolution
		HideSolutionNode = FALSE
	EndGlobalSection
	GlobalSection(ExtensibilityGlobals) = postSolution
		SolutionGuid = {5EDDA6DC-0033-4955-BB01-CBA2B24A8D48}
	EndGlobalSection
EndGlobal
